
Microsoft Visual Studio Solution File, Format Version 12.00
# Visual Studio Version 16
VisualStudioVersion = 16.0.29728.190
MinimumVisualStudioVersion = 10.0.40219.1
Project("{9A19103F-16F7-4668-BE54-9A1E7A4F7556}") = "web-api", "web-api\web-api.csproj", "{BCAB5949-4A9F-4C51-BA14-E9D0B70E8B35}"
EndProject
Project("{9A19103F-16F7-4668-BE54-9A1E7A4F7556}") = "frontend", "frontend\frontend.csproj", "{2794599D-74F1-4261-96B0-78AB1B51ED7D}"
EndProject
Project("{9A19103F-16F7-4668-BE54-9A1E7A4F7556}") = "models", "models\models.csproj", "{08CF2DBD-9335-4C15-A587-C17BFE1E93E2}"
EndProject
Project("{9A19103F-16F7-4668-BE54-9A1E7A4F7556}") = "services", "services\services.csproj", "{D6D95EA1-73E5-4409-A1AC-54E26BCAB293}"
EndProject
Global
	GlobalSection(SolutionConfigurationPlatforms) = preSolution
		Debug|Any CPU = Debug|Any CPU
		Release|Any CPU = Release|Any CPU
	EndGlobalSection
	GlobalSection(ProjectConfigurationPlatforms) = postSolution
		{BCAB5949-4A9F-4C51-BA14-E9D0B70E8B35}.Debug|Any CPU.ActiveCfg = Debug|Any CPU
		{BCAB5949-4A9F-4C51-BA14-E9D0B70E8B35}.Debug|Any CPU.Build.0 = Debug|Any CPU
		{BCAB5949-4A9F-4C51-BA14-E9D0B70E8B35}.Release|Any CPU.ActiveCfg = Release|Any CPU
		{BCAB5949-4A9F-4C51-BA14-E9D0B70E8B35}.Release|Any CPU.Build.0 = Release|Any CPU
		{2794599D-74F1-4261-96B0-78AB1B51ED7D}.Debug|Any CPU.ActiveCfg = Debug|Any CPU
		{2794599D-74F1-4261-96B0-78AB1B51ED7D}.Debug|Any CPU.Build.0 = Debug|Any CPU
		{2794599D-74F1-4261-96B0-78AB1B51ED7D}.Release|Any CPU.ActiveCfg = Release|Any CPU
		{2794599D-74F1-4261-96B0-78AB1B51ED7D}.Release|Any CPU.Build.0 = Release|Any CPU
		{08CF2DBD-9335-4C15-A587-C17BFE1E93E2}.Debug|Any CPU.ActiveCfg = Debug|Any CPU
		{08CF2DBD-9335-4C15-A587-C17BFE1E93E2}.Debug|Any CPU.Build.0 = Debug|Any CPU
		{08CF2DBD-9335-4C15-A587-C17BFE1E93E2}.Release|Any CPU.ActiveCfg = Release|Any CPU
		{08CF2DBD-9335-4C15-A587-C17BFE1E93E2}.Release|Any CPU.Build.0 = Release|Any CPU
		{D6D95EA1-73E5-4409-A1AC-54E26BCAB293}.Debug|Any CPU.ActiveCfg = Debug|Any CPU
		{D6D95EA1-73E5-4409-A1AC-54E26BCAB293}.Debug|Any CPU.Build.0 = Debug|Any CPU
		{D6D95EA1-73E5-4409-A1AC-54E26BCAB293}.Release|Any CPU.ActiveCfg = Release|Any CPU
		{D6D95EA1-73E5-4409-A1AC-54E26BCAB293}.Release|Any CPU.Build.0 = Release|Any CPU
	EndGlobalSection
	GlobalSection(SolutionProperties) = preSolution
		HideSolutionNode = FALSE
	EndGlobalSection
	GlobalSection(ExtensibilityGlobals) = postSolution
		SolutionGuid = {D0F9CA71-4E74-4051-BBD4-AE95AA10F6D7}
	EndGlobalSection
EndGlobal
